<?xml version="1.0" encoding="utf-8"?>
<Project ToolsVersion="4.0" xmlns="http://schemas.microsoft.com/developer/msbuild/2003">
  <ItemGroup>
    <Filter Include="Common">
      <UniqueIdentifier>4c02113c-1c05-4941-8826-37de21ffb005</UniqueIdentifier>
    </Filter>
    <Filter Include="Assets">
      <UniqueIdentifier>95b8520d-e321-4f2d-808c-4b72aadfcdab</UniqueIdentifier>
      <Extensions>ico;cur;bmp;dds;dlg;fbx;rct;bin;rgs;gif;jpg;jpeg;jpe;resx;tga;tiff;tif;png;wav;mfcribbon-ms</Extensions>
    </Filter>
    <Filter Include="ImaseLib">
      <UniqueIdentifier>{0753773b-7bed-401a-b217-ff302b4e05b0}</UniqueIdentifier>
    </Filter>
    <Filter Include="Scenes">
      <UniqueIdentifier>{19cc61cf-6935-4bb5-8cf6-485d33f0577e}</UniqueIdentifier>
    </Filter>
    <Filter Include="Utilities">
      <UniqueIdentifier>{3f6ba556-41b7-4b7f-baa7-107616433928}</UniqueIdentifier>
    </Filter>
    <Filter Include="GameObjects">
      <UniqueIdentifier>{27397dd1-5820-4be7-9bce-ec053370ab63}</UniqueIdentifier>
    </Filter>
    <Filter Include="FBX">
      <UniqueIdentifier>{059307cc-1079-47b2-acf0-fd8c8a09d2a8}</UniqueIdentifier>
    </Filter>
    <Filter Include="MyLib">
      <UniqueIdentifier>{16d06c52-ea84-4135-8f3e-88777ebf8763}</UniqueIdentifier>
    </Filter>
    <Filter Include="Textures">
      <UniqueIdentifier>{5978a949-29ce-4c9c-9af8-074ec6cc096f}</UniqueIdentifier>
    </Filter>
    <Filter Include="GameObjects\UI">
      <UniqueIdentifier>{0ae6f25c-78f0-4aea-b801-0dbfed2a9c81}</UniqueIdentifier>
    </Filter>
    <Filter Include="Shaders">
      <UniqueIdentifier>{049a7491-c9a4-4e6a-9a1e-7c443b0a8fb7}</UniqueIdentifier>
    </Filter>
  </ItemGroup>
  <ItemGroup>
    <ClInclude Include="pch.h" />
    <ClInclude Include="Game.h" />
    <ClInclude Include="StepTimer.h">
      <Filter>Common</Filter>
    </ClInclude>
    <ClInclude Include="DeviceResources.h">
      <Filter>Common</Filter>
    </ClInclude>
    <ClInclude Include="UserResources.h" />
    <ClInclude Include="ImaseLib\DebugCamera.h">
      <Filter>ImaseLib</Filter>
    </ClInclude>
    <ClInclude Include="ImaseLib\DebugFont.h">
      <Filter>ImaseLib</Filter>
    </ClInclude>
    <ClInclude Include="ImaseLib\DisplayCollision.h">
      <Filter>ImaseLib</Filter>
    </ClInclude>
    <ClInclude Include="ImaseLib\GridFloor.h">
      <Filter>ImaseLib</Filter>
    </ClInclude>
    <ClInclude Include="ImaseLib\SceneManager.h">
      <Filter>ImaseLib</Filter>
    </ClInclude>
    <ClInclude Include="ImaseLib\TaskManager.h">
      <Filter>ImaseLib</Filter>
    </ClInclude>
    <ClInclude Include="Scenes\PlayScene.h">
      <Filter>Scenes</Filter>
    </ClInclude>
    <ClInclude Include="Utilities\Graphics.h">
      <Filter>Utilities</Filter>
    </ClInclude>
    <ClInclude Include="Utilities\Resources.h">
      <Filter>Utilities</Filter>
    </ClInclude>
    <ClInclude Include="DebugDraw.h">
      <Filter>Common</Filter>
    </ClInclude>
    <ClInclude Include="GameObjects\PlayerTank.h">
      <Filter>GameObjects</Filter>
    </ClInclude>
    <ClInclude Include="GameObjects\Camera.h">
      <Filter>GameObjects</Filter>
    </ClInclude>
    <ClInclude Include="GameObjects\PlayerCamera.h">
      <Filter>GameObjects</Filter>
    </ClInclude>
    <ClInclude Include="ImaseLib\ModelPart.h">
      <Filter>ImaseLib</Filter>
    </ClInclude>
    <ClInclude Include="GameObjects\EnemyTank.h">
      <Filter>GameObjects</Filter>
    </ClInclude>
    <ClInclude Include="GameObjects\Bullet.h">
      <Filter>GameObjects</Filter>
    </ClInclude>
    <ClInclude Include="ImaseLib\ModelCollision.h">
      <Filter>ImaseLib</Filter>
    </ClInclude>
    <ClInclude Include="GameObjects\GameObject.h">
      <Filter>GameObjects</Filter>
    </ClInclude>
    <ClInclude Include="GameObjects\GameParameter.h">
      <Filter>GameObjects</Filter>
    </ClInclude>
    <ClInclude Include="GameObjects\CollisionManager.h">
      <Filter>GameObjects</Filter>
    </ClInclude>
    <ClInclude Include="GameObjects\Stage.h">
      <Filter>GameObjects</Filter>
    </ClInclude>
    <ClInclude Include="Scenes\TitleScene.h">
      <Filter>Scenes</Filter>
    </ClInclude>
    <ClInclude Include="GameObjects\GameResources.h">
      <Filter>GameObjects</Filter>
    </ClInclude>
    <ClInclude Include="GameObjects\SmokeEffect.h">
      <Filter>GameObjects</Filter>
    </ClInclude>
    <ClInclude Include="GameObjects\UI\Life.h">
      <Filter>GameObjects\UI</Filter>
    </ClInclude>
    <ClInclude Include="GameObjects\UI\UserInterface.h">
      <Filter>GameObjects\UI</Filter>
    </ClInclude>
    <ClInclude Include="Scenes\ResultScene.h">
      <Filter>Scenes</Filter>
    </ClInclude>
    <ClInclude Include="GameObjects\UI\EnemyHP.h">
      <Filter>GameObjects\UI</Filter>
    </ClInclude>
    <ClInclude Include="MyLib\BinaryFile.h">
      <Filter>MyLib</Filter>
    </ClInclude>
    <ClInclude Include="MyLib\TransitionMask.h">
      <Filter>MyLib</Filter>
    </ClInclude>
    <ClInclude Include="RenderTexture.h">
      <Filter>Common</Filter>
    </ClInclude>
    <ClInclude Include="ReadData.h">
      <Filter>Common</Filter>
    </ClInclude>
  </ItemGroup>
  <ItemGroup>
    <ClCompile Include="pch.cpp" />
    <ClCompile Include="Game.cpp" />
    <ClCompile Include="Main.cpp" />
    <ClCompile Include="DeviceResources.cpp">
      <Filter>Common</Filter>
    </ClCompile>
    <ClCompile Include="ImaseLib\DebugCamera.cpp">
      <Filter>ImaseLib</Filter>
    </ClCompile>
    <ClCompile Include="ImaseLib\DebugFont.cpp">
      <Filter>ImaseLib</Filter>
    </ClCompile>
    <ClCompile Include="ImaseLib\DisplayCollision.cpp">
      <Filter>ImaseLib</Filter>
    </ClCompile>
    <ClCompile Include="ImaseLib\GridFloor.cpp">
      <Filter>ImaseLib</Filter>
    </ClCompile>
    <ClCompile Include="ImaseLib\TaskManager.cpp">
      <Filter>ImaseLib</Filter>
    </ClCompile>
    <ClCompile Include="Scenes\PlayScene.cpp">
      <Filter>Scenes</Filter>
    </ClCompile>
    <ClCompile Include="Utilities\Graphics.cpp">
      <Filter>Utilities</Filter>
    </ClCompile>
    <ClCompile Include="Utilities\Resources.cpp">
      <Filter>Utilities</Filter>
    </ClCompile>
    <ClCompile Include="DebugDraw.cpp">
      <Filter>Common</Filter>
    </ClCompile>
    <ClCompile Include="GameObjects\PlayerTank.cpp">
      <Filter>GameObjects</Filter>
    </ClCompile>
    <ClCompile Include="GameObjects\Camera.cpp">
      <Filter>GameObjects</Filter>
    </ClCompile>
    <ClCompile Include="GameObjects\PlayerCamera.cpp">
      <Filter>GameObjects</Filter>
    </ClCompile>
    <ClCompile Include="GameObjects\EnemyTank.cpp">
      <Filter>GameObjects</Filter>
    </ClCompile>
    <ClCompile Include="GameObjects\Bullet.cpp">
      <Filter>GameObjects</Filter>
    </ClCompile>
    <ClCompile Include="ImaseLib\ModelCollision.cpp">
      <Filter>ImaseLib</Filter>
    </ClCompile>
    <ClCompile Include="GameObjects\GameObject.cpp">
      <Filter>GameObjects</Filter>
    </ClCompile>
    <ClCompile Include="GameObjects\CollisionManager.cpp">
      <Filter>GameObjects</Filter>
    </ClCompile>
    <ClCompile Include="GameObjects\Stage.cpp">
      <Filter>GameObjects</Filter>
    </ClCompile>
    <ClCompile Include="Scenes\TitleScene.cpp">
      <Filter>Scenes</Filter>
    </ClCompile>
    <ClCompile Include="GameObjects\SmokeEffect.cpp">
      <Filter>GameObjects</Filter>
    </ClCompile>
    <ClCompile Include="GameObjects\UI\Life.cpp">
      <Filter>GameObjects\UI</Filter>
    </ClCompile>
    <ClCompile Include="GameObjects\UI\UserInterface.cpp">
      <Filter>GameObjects\UI</Filter>
    </ClCompile>
    <ClCompile Include="Scenes\ResultScene.cpp">
      <Filter>Scenes</Filter>
    </ClCompile>
    <ClCompile Include="GameObjects\UI\EnemyHP.cpp">
      <Filter>GameObjects\UI</Filter>
    </ClCompile>
    <ClCompile Include="MyLib\BinaryFile.cpp">
      <Filter>MyLib</Filter>
    </ClCompile>
    <ClCompile Include="MyLib\TransitionMask.cpp">
      <Filter>MyLib</Filter>
    </ClCompile>
    <ClCompile Include="RenderTexture.cpp">
      <Filter>Common</Filter>
    </ClCompile>
  </ItemGroup>
  <ItemGroup>
    <ResourceCompile Include="resource.rc" />
  </ItemGroup>
  <ItemGroup>
    <Image Include="directx.ico">
      <Filter>Assets</Filter>
    </Image>
  </ItemGroup>
  <ItemGroup>
    <Manifest Include="settings.manifest">
      <Filter>Assets</Filter>
    </Manifest>
  </ItemGroup>
  <ItemGroup>
    <None Include="packages.config" />
    <None Include="Resources\Shaders\HP.hlsli">
      <Filter>Shaders</Filter>
    </None>
  </ItemGroup>
  <ItemGroup>
    <MeshContentTask Include="Resources\fbx\TankBody.fbx">
      <Filter>FBX</Filter>
    </MeshContentTask>
    <MeshContentTask Include="Resources\fbx\TankTurret.fbx">
      <Filter>FBX</Filter>
    </MeshContentTask>
    <MeshContentTask Include="Resources\fbx\EnemyTankBody.fbx">
      <Filter>FBX</Filter>
    </MeshContentTask>
    <MeshContentTask Include="Resources\fbx\EnemyTankTurret.fbx">
      <Filter>FBX</Filter>
    </MeshContentTask>
    <MeshContentTask Include="Resources\fbx\Bullet.fbx">
      <Filter>FBX</Filter>
    </MeshContentTask>
    <MeshContentTask Include="Resources\fbx\Skydome.fbx">
      <Filter>FBX</Filter>
    </MeshContentTask>
    <MeshContentTask Include="Resources\fbx\LoseTank.fbx">
      <Filter>FBX</Filter>
    </MeshContentTask>
    <MeshContentTask Include="Resources\fbx\Ground.fbx">
      <Filter>FBX</Filter>
    </MeshContentTask>
  </ItemGroup>
  <ItemGroup>
    <ImageContentTask Include="Resources\Textures\smoke_effect.png">
      <Filter>Textures</Filter>
    </ImageContentTask>
    <ImageContentTask Include="Resources\Textures\Life.png">
      <Filter>Textures</Filter>
    </ImageContentTask>
    <ImageContentTask Include="Resources\Textures\HP.png">
      <Filter>Textures</Filter>
    </ImageContentTask>
    <ImageContentTask Include="Resources\Textures\FadeMask.png">
      <Filter>Textures</Filter>
    </ImageContentTask>
    <ImageContentTask Include="Resources\Textures\PushEnter.png">
      <Filter>Textures</Filter>
    </ImageContentTask>
    <ImageContentTask Include="Resources\Textures\TankWar.png">
      <Filter>Textures</Filter>
    </ImageContentTask>
  </ItemGroup>
  <ItemGroup>
    <FxCompile Include="Resources\Shaders\HP_GS.hlsl">
      <Filter>Shaders</Filter>
    </FxCompile>
    <FxCompile Include="Resources\Shaders\HP_PS.hlsl">
      <Filter>Shaders</Filter>
    </FxCompile>
    <FxCompile Include="Resources\Shaders\HP_VS.hlsl">
      <Filter>Shaders</Filter>
    </FxCompile>
    <FxCompile Include="Resources\Shaders\Fade_PS.hlsl">
      <Filter>Shaders</Filter>
    </FxCompile>
  </ItemGroup>
</Project>